
Microsoft Visual Studio Solution File, Format Version 12.00
# Visual Studio Version 17
VisualStudioVersion = 17.7.34031.279
MinimumVisualStudioVersion = 10.0.40219.1
Project("{FAE04EC0-301F-11D3-BF4B-00C04F79EFBC}") = "Teacher data", "Teacher data\Teacher data.csproj", "{00F8FC77-4717-4DF7-848A-0EE1FA453D27}"
EndProject
Global
	GlobalSection(SolutionConfigurationPlatforms) = preSolution
		Debug|Any CPU = Debug|Any CPU
		Release|Any CPU = Release|Any CPU
	EndGlobalSection
	GlobalSection(ProjectConfigurationPlatforms) = postSolution
		{00F8FC77-4717-4DF7-848A-0EE1FA453D27}.Debug|Any CPU.ActiveCfg = Debug|Any CPU
		{00F8FC77-4717-4DF7-848A-0EE1FA453D27}.Debug|Any CPU.Build.0 = Debug|Any CPU
		{00F8FC77-4717-4DF7-848A-0EE1FA453D27}.Release|Any CPU.ActiveCfg = Release|Any CPU
		{00F8FC77-4717-4DF7-848A-0EE1FA453D27}.Release|Any CPU.Build.0 = Release|Any CPU
	EndGlobalSection
	GlobalSection(SolutionProperties) = preSolution
		HideSolutionNode = FALSE
	EndGlobalSection
	GlobalSection(ExtensibilityGlobals) = postSolution
		SolutionGuid = {C0ECB339-0F39-4405-9973-A1C721218AFC}
	EndGlobalSection
EndGlobal
